
Microsoft Visual Studio Solution File, Format Version 12.00
# Visual Studio Version 16
VisualStudioVersion = 16.0.30225.117
MinimumVisualStudioVersion = 10.0.40219.1
Project("{FAE04EC0-301F-11D3-BF4B-00C04F79EFBC}") = "c-sharp experiment", "c-sharp experiment\c-sharp experiment.csproj", "{8FA195C9-4534-45FF-BE7D-0149C8FC8B12}"
EndProject
Global
	GlobalSection(SolutionConfigurationPlatforms) = preSolution
		Debug|Any CPU = Debug|Any CPU
		Release|Any CPU = Release|Any CPU
	EndGlobalSection
	GlobalSection(ProjectConfigurationPlatforms) = postSolution
		{8FA195C9-4534-45FF-BE7D-0149C8FC8B12}.Debug|Any CPU.ActiveCfg = Debug|Any CPU
		{8FA195C9-4534-45FF-BE7D-0149C8FC8B12}.Debug|Any CPU.Build.0 = Debug|Any CPU
		{8FA195C9-4534-45FF-BE7D-0149C8FC8B12}.Release|Any CPU.ActiveCfg = Release|Any CPU
		{8FA195C9-4534-45FF-BE7D-0149C8FC8B12}.Release|Any CPU.Build.0 = Release|Any CPU
	EndGlobalSection
	GlobalSection(SolutionProperties) = preSolution
		HideSolutionNode = FALSE
	EndGlobalSection
	GlobalSection(ExtensibilityGlobals) = postSolution
		SolutionGuid = {106C69FE-4DC2-429C-8DBF-4EAAA137677C}
	EndGlobalSection
EndGlobal
